// !$*UTF8*$!
{
	archiveVersion = 1;
	classes = {
	};
	objectVersion = 56;
	objects = {

/* Begin PBXBuildFile section */
		07928119291CE47A00E44D33 /* IOSOblOpgApp.swift in Sources */ = {isa = PBXBuildFile; fileRef = 07928118291CE47A00E44D33 /* IOSOblOpgApp.swift */; };
		0792811B291CE47A00E44D33 /* ContentView.swift in Sources */ = {isa = PBXBuildFile; fileRef = 0792811A291CE47A00E44D33 /* ContentView.swift */; };
		0792811D291CE47C00E44D33 /* Assets.xcassets in Resources */ = {isa = PBXBuildFile; fileRef = 0792811C291CE47C00E44D33 /* Assets.xcassets */; };
		07928120291CE47C00E44D33 /* Preview Assets.xcassets in Resources */ = {isa = PBXBuildFile; fileRef = 0792811F291CE47C00E44D33 /* Preview Assets.xcassets */; };
		0792812B291CF27200E44D33 /* EarthQuake.swift in Sources */ = {isa = PBXBuildFile; fileRef = 0792812A291CF27200E44D33 /* EarthQuake.swift */; };
		0792812F291CFD5B00E44D33 /* NetworkService.swift in Sources */ = {isa = PBXBuildFile; fileRef = 0792812E291CFD5B00E44D33 /* NetworkService.swift */; };
		07928133291D0D3D00E44D33 /* EarthVM.swift in Sources */ = {isa = PBXBuildFile; fileRef = 07928132291D0D3D00E44D33 /* EarthVM.swift */; };
		07928136291D221800E44D33 /* EarthDetail.swift in Sources */ = {isa = PBXBuildFile; fileRef = 07928135291D221800E44D33 /* EarthDetail.swift */; };
		07928138291E495F00E44D33 /* EarthMapView.swift in Sources */ = {isa = PBXBuildFile; fileRef = 07928137291E495F00E44D33 /* EarthMapView.swift */; };
		079281B429222DC000E44D33 /* EQEnum.swift in Sources */ = {isa = PBXBuildFile; fileRef = 079281B329222DC000E44D33 /* EQEnum.swift */; };
		079281B62922323900E44D33 /* Errors.swift in Sources */ = {isa = PBXBuildFile; fileRef = 079281B52922323900E44D33 /* Errors.swift */; };
		079281B82922385700E44D33 /* AllEarth.swift in Sources */ = {isa = PBXBuildFile; fileRef = 079281B72922385700E44D33 /* AllEarth.swift */; };
/* End PBXBuildFile section */

/* Begin PBXFileReference section */
		07928115291CE47A00E44D33 /* IOSOblOpg.app */ = {isa = PBXFileReference; explicitFileType = wrapper.application; includeInIndex = 0; path = IOSOblOpg.app; sourceTree = BUILT_PRODUCTS_DIR; };
		07928118291CE47A00E44D33 /* IOSOblOpgApp.swift */ = {isa = PBXFileReference; lastKnownFileType = sourcecode.swift; path = IOSOblOpgApp.swift; sourceTree = "<group>"; };
		0792811A291CE47A00E44D33 /* ContentView.swift */ = {isa = PBXFileReference; lastKnownFileType = sourcecode.swift; path = ContentView.swift; sourceTree = "<group>"; };
		0792811C291CE47C00E44D33 /* Assets.xcassets */ = {isa = PBXFileReference; lastKnownFileType = folder.assetcatalog; path = Assets.xcassets; sourceTree = "<group>"; };
		0792811F291CE47C00E44D33 /* Preview Assets.xcassets */ = {isa = PBXFileReference; lastKnownFileType = folder.assetcatalog; path = "Preview Assets.xcassets"; sourceTree = "<group>"; };
		0792812A291CF27200E44D33 /* EarthQuake.swift */ = {isa = PBXFileReference; lastKnownFileType = sourcecode.swift; path = EarthQuake.swift; sourceTree = "<group>"; };
		0792812E291CFD5B00E44D33 /* NetworkService.swift */ = {isa = PBXFileReference; lastKnownFileType = sourcecode.swift; path = NetworkService.swift; sourceTree = "<group>"; };
		07928132291D0D3D00E44D33 /* EarthVM.swift */ = {isa = PBXFileReference; lastKnownFileType = sourcecode.swift; path = EarthVM.swift; sourceTree = "<group>"; };
		07928135291D221800E44D33 /* EarthDetail.swift */ = {isa = PBXFileReference; lastKnownFileType = sourcecode.swift; path = EarthDetail.swift; sourceTree = "<group>"; };
		07928137291E495F00E44D33 /* EarthMapView.swift */ = {isa = PBXFileReference; lastKnownFileType = sourcecode.swift; path = EarthMapView.swift; sourceTree = "<group>"; };
		079281B329222DC000E44D33 /* EQEnum.swift */ = {isa = PBXFileReference; lastKnownFileType = sourcecode.swift; path = EQEnum.swift; sourceTree = "<group>"; };
		079281B52922323900E44D33 /* Errors.swift */ = {isa = PBXFileReference; lastKnownFileType = sourcecode.swift; path = Errors.swift; sourceTree = "<group>"; };
		079281B72922385700E44D33 /* AllEarth.swift */ = {isa = PBXFileReference; lastKnownFileType = sourcecode.swift; path = AllEarth.swift; sourceTree = "<group>"; };
/* End PBXFileReference section */

/* Begin PBXFrameworksBuildPhase section */
		07928112291CE47A00E44D33 /* Frameworks */ = {
			isa = PBXFrameworksBuildPhase;
			buildActionMask = 2147483647;
			files = (
			);
			runOnlyForDeploymentPostprocessing = 0;
		};
/* End PBXFrameworksBuildPhase section */

/* Begin PBXGroup section */
		0792810C291CE47A00E44D33 = {
			isa = PBXGroup;
			children = (
				07928117291CE47A00E44D33 /* IOSOblOpg */,
				07928116291CE47A00E44D33 /* Products */,
			);
			sourceTree = "<group>";
		};
		07928116291CE47A00E44D33 /* Products */ = {
			isa = PBXGroup;
			children = (
				07928115291CE47A00E44D33 /* IOSOblOpg.app */,
			);
			name = Products;
			sourceTree = "<group>";
		};
		07928117291CE47A00E44D33 /* IOSOblOpg */ = {
			isa = PBXGroup;
			children = (
				0792811A291CE47A00E44D33 /* ContentView.swift */,
				07928134291D10AE00E44D33 /* View */,
				07928131291D0D0D00E44D33 /* VM */,
				07928130291D0C8E00E44D33 /* Service */,
				0792812D291CF29000E44D33 /* Model */,
				0792811C291CE47C00E44D33 /* Assets.xcassets */,
				0792811E291CE47C00E44D33 /* Preview Content */,
			);
			path = IOSOblOpg;
			sourceTree = "<group>";
		};
		0792811E291CE47C00E44D33 /* Preview Content */ = {
			isa = PBXGroup;
			children = (
				0792811F291CE47C00E44D33 /* Preview Assets.xcassets */,
			);
			path = "Preview Content";
			sourceTree = "<group>";
		};
		0792812D291CF29000E44D33 /* Model */ = {
			isa = PBXGroup;
			children = (
				079281B329222DC000E44D33 /* EQEnum.swift */,
				0792812A291CF27200E44D33 /* EarthQuake.swift */,
				079281B52922323900E44D33 /* Errors.swift */,
			);
			path = Model;
			sourceTree = "<group>";
		};
		07928130291D0C8E00E44D33 /* Service */ = {
			isa = PBXGroup;
			children = (
				0792812E291CFD5B00E44D33 /* NetworkService.swift */,
			);
			path = Service;
			sourceTree = "<group>";
		};
		07928131291D0D0D00E44D33 /* VM */ = {
			isa = PBXGroup;
			children = (
				07928132291D0D3D00E44D33 /* EarthVM.swift */,
			);
			path = VM;
			sourceTree = "<group>";
		};
		07928134291D10AE00E44D33 /* View */ = {
			isa = PBXGroup;
			children = (
				07928135291D221800E44D33 /* EarthDetail.swift */,
				07928118291CE47A00E44D33 /* IOSOblOpgApp.swift */,
				07928137291E495F00E44D33 /* EarthMapView.swift */,
				079281B72922385700E44D33 /* AllEarth.swift */,
			);
			path = View;
			sourceTree = "<group>";
		};
/* End PBXGroup section */

/* Begin PBXNativeTarget section */
		07928114291CE47A00E44D33 /* IOSOblOpg */ = {
			isa = PBXNativeTarget;
			buildConfigurationList = 07928123291CE47C00E44D33 /* Build configuration list for PBXNativeTarget "IOSOblOpg" */;
			buildPhases = (
				07928111291CE47A00E44D33 /* Sources */,
				07928112291CE47A00E44D33 /* Frameworks */,
				07928113291CE47A00E44D33 /* Resources */,
			);
			buildRules = (
			);
			dependencies = (
			);
			name = IOSOblOpg;
			productName = IOSOblOpg;
			productReference = 07928115291CE47A00E44D33 /* IOSOblOpg.app */;
			productType = "com.apple.product-type.application";
		};
/* End PBXNativeTarget section */

/* Begin PBXProject section */
		0792810D291CE47A00E44D33 /* Project object */ = {
			isa = PBXProject;
			attributes = {
				BuildIndependentTargetsInParallel = 1;
				LastSwiftUpdateCheck = 1410;
				LastUpgradeCheck = 1410;
				TargetAttributes = {
					07928114291CE47A00E44D33 = {
						CreatedOnToolsVersion = 14.1;
					};
				};
			};
			buildConfigurationList = 07928110291CE47A00E44D33 /* Build configuration list for PBXProject "IOSOblOpg" */;
			compatibilityVersion = "Xcode 14.0";
			developmentRegion = en;
			hasScannedForEncodings = 0;
			knownRegions = (
				en,
				Base,
			);
			mainGroup = 0792810C291CE47A00E44D33;
			productRefGroup = 07928116291CE47A00E44D33 /* Products */;
			projectDirPath = "";
			projectRoot = "";
			targets = (
				07928114291CE47A00E44D33 /* IOSOblOpg */,
			);
		};
/* End PBXProject section */

/* Begin PBXResourcesBuildPhase section */
		07928113291CE47A00E44D33 /* Resources */ = {
			isa = PBXResourcesBuildPhase;
			buildActionMask = 2147483647;
			files = (
				07928120291CE47C00E44D33 /* Preview Assets.xcassets in Resources */,
				0792811D291CE47C00E44D33 /* Assets.xcassets in Resources */,
			);
			runOnlyForDeploymentPostprocessing = 0;
		};
/* End PBXResourcesBuildPhase section */

/* Begin PBXSourcesBuildPhase section */
		07928111291CE47A00E44D33 /* Sources */ = {
			isa = PBXSourcesBuildPhase;
			buildActionMask = 2147483647;
			files = (
				0792811B291CE47A00E44D33 /* ContentView.swift in Sources */,
				07928138291E495F00E44D33 /* EarthMapView.swift in Sources */,
				079281B429222DC000E44D33 /* EQEnum.swift in Sources */,
				0792812B291CF27200E44D33 /* EarthQuake.swift in Sources */,
				0792812F291CFD5B00E44D33 /* NetworkService.swift in Sources */,
				07928136291D221800E44D33 /* EarthDetail.swift in Sources */,
				079281B82922385700E44D33 /* AllEarth.swift in Sources */,
				07928133291D0D3D00E44D33 /* EarthVM.swift in Sources */,
				079281B62922323900E44D33 /* Errors.swift in Sources */,
				07928119291CE47A00E44D33 /* IOSOblOpgApp.swift in Sources */,
			);
			runOnlyForDeploymentPostprocessing = 0;
		};
/* End PBXSourcesBuildPhase section */

/* Begin XCBuildConfiguration section */
		07928121291CE47C00E44D33 /* Debug */ = {
			isa = XCBuildConfiguration;
			buildSettings = {
				ALWAYS_SEARCH_USER_PATHS = NO;
				CLANG_ANALYZER_NONNULL = YES;
				CLANG_ANALYZER_NUMBER_OBJECT_CONVERSION = YES_AGGRESSIVE;
				CLANG_CXX_LANGUAGE_STANDARD = "gnu++20";
				CLANG_ENABLE_MODULES = YES;
				CLANG_ENABLE_OBJC_ARC = YES;
				CLANG_ENABLE_OBJC_WEAK = YES;
				CLANG_WARN_BLOCK_CAPTURE_AUTORELEASING = YES;
				CLANG_WARN_BOOL_CONVERSION = YES;
				CLANG_WARN_COMMA = YES;
				CLANG_WARN_CONSTANT_CONVERSION = YES;
				CLANG_WARN_DEPRECATED_OBJC_IMPLEMENTATIONS = YES;
				CLANG_WARN_DIRECT_OBJC_ISA_USAGE = YES_ERROR;
				CLANG_WARN_DOCUMENTATION_COMMENTS = YES;
				CLANG_WARN_EMPTY_BODY = YES;
				CLANG_WARN_ENUM_CONVERSION = YES;
				CLANG_WARN_INFINITE_RECURSION = YES;
				CLANG_WARN_INT_CONVERSION = YES;
				CLANG_WARN_NON_LITERAL_NULL_CONVERSION = YES;
				CLANG_WARN_OBJC_IMPLICIT_RETAIN_SELF = YES;
				CLANG_WARN_OBJC_LITERAL_CONVERSION = YES;
				CLANG_WARN_OBJC_ROOT_CLASS = YES_ERROR;
				CLANG_WARN_QUOTED_INCLUDE_IN_FRAMEWORK_HEADER = YES;
				CLANG_WARN_RANGE_LOOP_ANALYSIS = YES;
				CLANG_WARN_STRICT_PROTOTYPES = YES;
				CLANG_WARN_SUSPICIOUS_MOVE = YES;
				CLANG_WARN_UNGUARDED_AVAILABILITY = YES_AGGRESSIVE;
				CLANG_WARN_UNREACHABLE_CODE = YES;
				CLANG_WARN__DUPLICATE_METHOD_MATCH = YES;
				COPY_PHASE_STRIP = NO;
				DEBUG_INFORMATION_FORMAT = dwarf;
				ENABLE_STRICT_OBJC_MSGSEND = YES;
				ENABLE_TESTABILITY = YES;
				GCC_C_LANGUAGE_STANDARD = gnu11;
				GCC_DYNAMIC_NO_PIC = NO;
				GCC_NO_COMMON_BLOCKS = YES;
				GCC_OPTIMIZATION_LEVEL = 0;
				GCC_PREPROCESSOR_DEFINITIONS = (
					"DEBUG=1",
					"$(inherited)",
				);
				GCC_WARN_64_TO_32_BIT_CONVERSION = YES;
				GCC_WARN_ABOUT_RETURN_TYPE = YES_ERROR;
				GCC_WARN_UNDECLARED_SELECTOR = YES;
				GCC_WARN_UNINITIALIZED_AUTOS = YES_AGGRESSIVE;
				GCC_WARN_UNUSED_FUNCTION = YES;
				GCC_WARN_UNUSED_VARIABLE = YES;
				IPHONEOS_DEPLOYMENT_TARGET = 16.1;
				MTL_ENABLE_DEBUG_INFO = INCLUDE_SOURCE;
				MTL_FAST_MATH = YES;
				ONLY_ACTIVE_ARCH = YES;
				SDKROOT = iphoneos;
				SWIFT_ACTIVE_COMPILATION_CONDITIONS = DEBUG;
				SWIFT_OPTIMIZATION_LEVEL = "-Onone";
			};
			name = Debug;
		};
		07928122291CE47C00E44D33 /* Release */ = {
			isa = XCBuildConfiguration;
			buildSettings = {
				ALWAYS_SEARCH_USER_PATHS = NO;
				CLANG_ANALYZER_NONNULL = YES;
				CLANG_ANALYZER_NUMBER_OBJECT_CONVERSION = YES_AGGRESSIVE;
				CLANG_CXX_LANGUAGE_STANDARD = "gnu++20";
				CLANG_ENABLE_MODULES = YES;
				CLANG_ENABLE_OBJC_ARC = YES;
				CLANG_ENABLE_OBJC_WEAK = YES;
				CLANG_WARN_BLOCK_CAPTURE_AUTORELEASING = YES;
				CLANG_WARN_BOOL_CONVERSION = YES;
				CLANG_WARN_COMMA = YES;
				CLANG_WARN_CONSTANT_CONVERSION = YES;
				CLANG_WARN_DEPRECATED_OBJC_IMPLEMENTATIONS = YES;
				CLANG_WARN_DIRECT_OBJC_ISA_USAGE = YES_ERROR;
				CLANG_WARN_DOCUMENTATION_COMMENTS = YES;
				CLANG_WARN_EMPTY_BODY = YES;
				CLANG_WARN_ENUM_CONVERSION = YES;
				CLANG_WARN_INFINITE_RECURSION = YES;
				CLANG_WARN_INT_CONVERSION = YES;
				CLANG_WARN_NON_LITERAL_NULL_CONVERSION = YES;
				CLANG_WARN_OBJC_IMPLICIT_RETAIN_SELF = YES;
				CLANG_WARN_OBJC_LITERAL_CONVERSION = YES;
				CLANG_WARN_OBJC_ROOT_CLASS = YES_ERROR;
				CLANG_WARN_QUOTED_INCLUDE_IN_FRAMEWORK_HEADER = YES;
				CLANG_WARN_RANGE_LOOP_ANALYSIS = YES;
				CLANG_WARN_STRICT_PROTOTYPES = YES;
				CLANG_WARN_SUSPICIOUS_MOVE = YES;
				CLANG_WARN_UNGUARDED_AVAILABILITY = YES_AGGRESSIVE;
				CLANG_WARN_UNREACHABLE_CODE = YES;
				CLANG_WARN__DUPLICATE_METHOD_MATCH = YES;
				COPY_PHASE_STRIP = NO;
				DEBUG_INFORMATION_FORMAT = "dwarf-with-dsym";
				ENABLE_NS_ASSERTIONS = NO;
				ENABLE_STRICT_OBJC_MSGSEND = YES;
				GCC_C_LANGUAGE_STANDARD = gnu11;
				GCC_NO_COMMON_BLOCKS = YES;
				GCC_WARN_64_TO_32_BIT_CONVERSION = YES;
				GCC_WARN_ABOUT_RETURN_TYPE = YES_ERROR;
				GCC_WARN_UNDECLARED_SELECTOR = YES;
				GCC_WARN_UNINITIALIZED_AUTOS = YES_AGGRESSIVE;
				GCC_WARN_UNUSED_FUNCTION = YES;
				GCC_WARN_UNUSED_VARIABLE = YES;
				IPHONEOS_DEPLOYMENT_TARGET = 16.1;
				MTL_ENABLE_DEBUG_INFO = NO;
				MTL_FAST_MATH = YES;
				SDKROOT = iphoneos;
				SWIFT_COMPILATION_MODE = wholemodule;
				SWIFT_OPTIMIZATION_LEVEL = "-O";
				VALIDATE_PRODUCT = YES;
			};
			name = Release;
		};
		07928124291CE47C00E44D33 /* Debug */ = {
			isa = XCBuildConfiguration;
			buildSettings = {
				ASSETCATALOG_COMPILER_APPICON_NAME = AppIcon;
				ASSETCATALOG_COMPILER_GLOBAL_ACCENT_COLOR_NAME = AccentColor;
				CODE_SIGN_STYLE = Automatic;
				CURRENT_PROJECT_VERSION = 1;
				DEVELOPMENT_ASSET_PATHS = "\"IOSOblOpg/Preview Content\"";
				ENABLE_PREVIEWS = YES;
				GENERATE_INFOPLIST_FILE = YES;
				INFOPLIST_KEY_UIApplicationSceneManifest_Generation = YES;
				INFOPLIST_KEY_UIApplicationSupportsIndirectInputEvents = YES;
				INFOPLIST_KEY_UILaunchScreen_Generation = YES;
				INFOPLIST_KEY_UISupportedInterfaceOrientations_iPad = "UIInterfaceOrientationPortrait UIInterfaceOrientationPortraitUpsideDown UIInterfaceOrientationLandscapeLeft UIInterfaceOrientationLandscapeRight";
				INFOPLIST_KEY_UISupportedInterfaceOrientations_iPhone = "UIInterfaceOrientationPortrait UIInterfaceOrientationLandscapeLeft UIInterfaceOrientationLandscapeRight";
				LD_RUNPATH_SEARCH_PATHS = (
					"$(inherited)",
					"@executable_path/Frameworks",
				);
				MARKETING_VERSION = 1.0;
				PRODUCT_BUNDLE_IDENTIFIER = dk.eaaa.dmu.eaalavm.IOSOblOpg;
				PRODUCT_NAME = "$(TARGET_NAME)";
				SWIFT_EMIT_LOC_STRINGS = YES;
				SWIFT_VERSION = 5.0;
				TARGETED_DEVICE_FAMILY = "1,2";
			};
			name = Debug;
		};
		07928125291CE47C00E44D33 /* Release */ = {
			isa = XCBuildConfiguration;
			buildSettings = {
				ASSETCATALOG_COMPILER_APPICON_NAME = AppIcon;
				ASSETCATALOG_COMPILER_GLOBAL_ACCENT_COLOR_NAME = AccentColor;
				CODE_SIGN_STYLE = Automatic;
				CURRENT_PROJECT_VERSION = 1;
				DEVELOPMENT_ASSET_PATHS = "\"IOSOblOpg/Preview Content\"";
				ENABLE_PREVIEWS = YES;
				GENERATE_INFOPLIST_FILE = YES;
				INFOPLIST_KEY_UIApplicationSceneManifest_Generation = YES;
				INFOPLIST_KEY_UIApplicationSupportsIndirectInputEvents = YES;
				INFOPLIST_KEY_UILaunchScreen_Generation = YES;
				INFOPLIST_KEY_UISupportedInterfaceOrientations_iPad = "UIInterfaceOrientationPortrait UIInterfaceOrientationPortraitUpsideDown UIInterfaceOrientationLandscapeLeft UIInterfaceOrientationLandscapeRight";
				INFOPLIST_KEY_UISupportedInterfaceOrientations_iPhone = "UIInterfaceOrientationPortrait UIInterfaceOrientationLandscapeLeft UIInterfaceOrientationLandscapeRight";
				LD_RUNPATH_SEARCH_PATHS = (
					"$(inherited)",
					"@executable_path/Frameworks",
				);
				MARKETING_VERSION = 1.0;
				PRODUCT_BUNDLE_IDENTIFIER = dk.eaaa.dmu.eaalavm.IOSOblOpg;
				PRODUCT_NAME = "$(TARGET_NAME)";
				SWIFT_EMIT_LOC_STRINGS = YES;
				SWIFT_VERSION = 5.0;
				TARGETED_DEVICE_FAMILY = "1,2";
			};
			name = Release;
		};
/* End XCBuildConfiguration section */

/* Begin XCConfigurationList section */
		07928110291CE47A00E44D33 /* Build configuration list for PBXProject "IOSOblOpg" */ = {
			isa = XCConfigurationList;
			buildConfigurations = (
				07928121291CE47C00E44D33 /* Debug */,
				07928122291CE47C00E44D33 /* Release */,
			);
			defaultConfigurationIsVisible = 0;
			defaultConfigurationName = Release;
		};
		07928123291CE47C00E44D33 /* Build configuration list for PBXNativeTarget "IOSOblOpg" */ = {
			isa = XCConfigurationList;
			buildConfigurations = (
				07928124291CE47C00E44D33 /* Debug */,
				07928125291CE47C00E44D33 /* Release */,
			);
			defaultConfigurationIsVisible = 0;
			defaultConfigurationName = Release;
		};
/* End XCConfigurationList section */
	};
	rootObject = 0792810D291CE47A00E44D33 /* Project object */;
}
